// !$*UTF8*$!
{
	archiveVersion = 1;
	classes = {
	};
	objectVersion = 50;
	objects = {

/* Begin PBXBuildFile section */
		4513B5082361EEDE00D4DA5B /* Date+Ex.swift in Sources */ = {isa = PBXBuildFile; fileRef = 4513B5072361EEDE00D4DA5B /* Date+Ex.swift */; };
		4513B52023621E8900D4DA5B /* UIStackView+Ex.swift in Sources */ = {isa = PBXBuildFile; fileRef = 4513B51F23621E8900D4DA5B /* UIStackView+Ex.swift */; };
		451BC0D323699EF000B86E0A /* NoticeTableViewCell.swift in Sources */ = {isa = PBXBuildFile; fileRef = 451BC0D123699EF000B86E0A /* NoticeTableViewCell.swift */; };
		451BC0D423699EF000B86E0A /* NoticeTableViewCell.xib in Resources */ = {isa = PBXBuildFile; fileRef = 451BC0D223699EF000B86E0A /* NoticeTableViewCell.xib */; };
		451BC0D723699F0100B86E0A /* EventTableViewCell.swift in Sources */ = {isa = PBXBuildFile; fileRef = 451BC0D523699F0100B86E0A /* EventTableViewCell.swift */; };
		451BC0D823699F0100B86E0A /* EventTableViewCell.xib in Resources */ = {isa = PBXBuildFile; fileRef = 451BC0D623699F0100B86E0A /* EventTableViewCell.xib */; };
		451BC0DB23699F0D00B86E0A /* MoveTableViewCell.swift in Sources */ = {isa = PBXBuildFile; fileRef = 451BC0D923699F0D00B86E0A /* MoveTableViewCell.swift */; };
		451BC0DC23699F0D00B86E0A /* MoveTableViewCell.xib in Resources */ = {isa = PBXBuildFile; fileRef = 451BC0DA23699F0D00B86E0A /* MoveTableViewCell.xib */; };
		451BC0DE23699F2600B86E0A /* BaseTableViewCell.swift in Sources */ = {isa = PBXBuildFile; fileRef = 451BC0DD23699F2600B86E0A /* BaseTableViewCell.swift */; };
		451BC0E02369AC0800B86E0A /* NewCellClass.swift in Sources */ = {isa = PBXBuildFile; fileRef = 451BC0DF2369AC0800B86E0A /* NewCellClass.swift */; };
		451BC0E22369BB3000B86E0A /* String+Ex.swift in Sources */ = {isa = PBXBuildFile; fileRef = 451BC0E12369BB3000B86E0A /* String+Ex.swift */; };
		4523144E2361BA360075AA35 /* AppDelegate.swift in Sources */ = {isa = PBXBuildFile; fileRef = 4523144D2361BA360075AA35 /* AppDelegate.swift */; };
		452314502361BA360075AA35 /* SceneDelegate.swift in Sources */ = {isa = PBXBuildFile; fileRef = 4523144F2361BA360075AA35 /* SceneDelegate.swift */; };
		452314522361BA360075AA35 /* MasterViewController.swift in Sources */ = {isa = PBXBuildFile; fileRef = 452314512361BA360075AA35 /* MasterViewController.swift */; };
		452314542361BA360075AA35 /* DetailViewController.swift in Sources */ = {isa = PBXBuildFile; fileRef = 452314532361BA360075AA35 /* DetailViewController.swift */; };
		452314572361BA360075AA35 /* Main.storyboard in Resources */ = {isa = PBXBuildFile; fileRef = 452314552361BA360075AA35 /* Main.storyboard */; };
		452314592361BA360075AA35 /* Assets.xcassets in Resources */ = {isa = PBXBuildFile; fileRef = 452314582361BA360075AA35 /* Assets.xcassets */; };
		4523145C2361BA360075AA35 /* LaunchScreen.storyboard in Resources */ = {isa = PBXBuildFile; fileRef = 4523145A2361BA360075AA35 /* LaunchScreen.storyboard */; };
		452314652361BC3D0075AA35 /* Notice.swift in Sources */ = {isa = PBXBuildFile; fileRef = 452314642361BC3D0075AA35 /* Notice.swift */; };
		452314672361BC480075AA35 /* Event.swift in Sources */ = {isa = PBXBuildFile; fileRef = 452314662361BC480075AA35 /* Event.swift */; };
		452314692361BC4F0075AA35 /* Move.swift in Sources */ = {isa = PBXBuildFile; fileRef = 452314682361BC4F0075AA35 /* Move.swift */; };
		452314702361BD770075AA35 /* FakeGenerator.swift in Sources */ = {isa = PBXBuildFile; fileRef = 4523146F2361BD770075AA35 /* FakeGenerator.swift */; };
		452314722361BDBB0075AA35 /* BaseCellModel.swift in Sources */ = {isa = PBXBuildFile; fileRef = 452314712361BDBB0075AA35 /* BaseCellModel.swift */; };
		452314742361BF3E0075AA35 /* CellGenerator.swift in Sources */ = {isa = PBXBuildFile; fileRef = 452314732361BF3E0075AA35 /* CellGenerator.swift */; };
		452314772361C6430075AA35 /* FakeNetworkLayerOrService.swift in Sources */ = {isa = PBXBuildFile; fileRef = 452314762361C6430075AA35 /* FakeNetworkLayerOrService.swift */; };
		455D014B2361D02200DEE32D /* TableView+Ex.swift in Sources */ = {isa = PBXBuildFile; fileRef = 455D014A2361D02200DEE32D /* TableView+Ex.swift */; };
		459F88E7236996D40042F806 /* ModelManager.swift in Sources */ = {isa = PBXBuildFile; fileRef = 459F88E6236996D40042F806 /* ModelManager.swift */; };
		459F88E9236998DB0042F806 /* CellManager.swift in Sources */ = {isa = PBXBuildFile; fileRef = 459F88E8236998DB0042F806 /* CellManager.swift */; };
		45D007292372B8E500499BF1 /* TableManager.swift in Sources */ = {isa = PBXBuildFile; fileRef = 45D007282372B8E500499BF1 /* TableManager.swift */; };
		45ED045B2361C983006BC78C /* MasterViewDataController.swift in Sources */ = {isa = PBXBuildFile; fileRef = 45ED045A2361C983006BC78C /* MasterViewDataController.swift */; };
/* End PBXBuildFile section */

/* Begin PBXFileReference section */
		4513B5072361EEDE00D4DA5B /* Date+Ex.swift */ = {isa = PBXFileReference; lastKnownFileType = sourcecode.swift; path = "Date+Ex.swift"; sourceTree = "<group>"; };
		4513B51F23621E8900D4DA5B /* UIStackView+Ex.swift */ = {isa = PBXFileReference; lastKnownFileType = sourcecode.swift; path = "UIStackView+Ex.swift"; sourceTree = "<group>"; };
		451BC0D123699EF000B86E0A /* NoticeTableViewCell.swift */ = {isa = PBXFileReference; lastKnownFileType = sourcecode.swift; path = NoticeTableViewCell.swift; sourceTree = "<group>"; };
		451BC0D223699EF000B86E0A /* NoticeTableViewCell.xib */ = {isa = PBXFileReference; lastKnownFileType = file.xib; path = NoticeTableViewCell.xib; sourceTree = "<group>"; };
		451BC0D523699F0100B86E0A /* EventTableViewCell.swift */ = {isa = PBXFileReference; lastKnownFileType = sourcecode.swift; path = EventTableViewCell.swift; sourceTree = "<group>"; };
		451BC0D623699F0100B86E0A /* EventTableViewCell.xib */ = {isa = PBXFileReference; lastKnownFileType = file.xib; path = EventTableViewCell.xib; sourceTree = "<group>"; };
		451BC0D923699F0D00B86E0A /* MoveTableViewCell.swift */ = {isa = PBXFileReference; lastKnownFileType = sourcecode.swift; path = MoveTableViewCell.swift; sourceTree = "<group>"; };
		451BC0DA23699F0D00B86E0A /* MoveTableViewCell.xib */ = {isa = PBXFileReference; lastKnownFileType = file.xib; path = MoveTableViewCell.xib; sourceTree = "<group>"; };
		451BC0DD23699F2600B86E0A /* BaseTableViewCell.swift */ = {isa = PBXFileReference; lastKnownFileType = sourcecode.swift; path = BaseTableViewCell.swift; sourceTree = "<group>"; };
		451BC0DF2369AC0800B86E0A /* NewCellClass.swift */ = {isa = PBXFileReference; lastKnownFileType = sourcecode.swift; path = NewCellClass.swift; sourceTree = "<group>"; };
		451BC0E12369BB3000B86E0A /* String+Ex.swift */ = {isa = PBXFileReference; lastKnownFileType = sourcecode.swift; path = "String+Ex.swift"; sourceTree = "<group>"; };
		4523144A2361BA360075AA35 /* MasterDetailView.app */ = {isa = PBXFileReference; explicitFileType = wrapper.application; includeInIndex = 0; path = MasterDetailView.app; sourceTree = BUILT_PRODUCTS_DIR; };
		4523144D2361BA360075AA35 /* AppDelegate.swift */ = {isa = PBXFileReference; lastKnownFileType = sourcecode.swift; path = AppDelegate.swift; sourceTree = "<group>"; };
		4523144F2361BA360075AA35 /* SceneDelegate.swift */ = {isa = PBXFileReference; lastKnownFileType = sourcecode.swift; path = SceneDelegate.swift; sourceTree = "<group>"; };
		452314512361BA360075AA35 /* MasterViewController.swift */ = {isa = PBXFileReference; lastKnownFileType = sourcecode.swift; path = MasterViewController.swift; sourceTree = "<group>"; };
		452314532361BA360075AA35 /* DetailViewController.swift */ = {isa = PBXFileReference; lastKnownFileType = sourcecode.swift; path = DetailViewController.swift; sourceTree = "<group>"; };
		452314562361BA360075AA35 /* Base */ = {isa = PBXFileReference; lastKnownFileType = file.storyboard; name = Base; path = Base.lproj/Main.storyboard; sourceTree = "<group>"; };
		452314582361BA360075AA35 /* Assets.xcassets */ = {isa = PBXFileReference; lastKnownFileType = folder.assetcatalog; path = Assets.xcassets; sourceTree = "<group>"; };
		4523145B2361BA360075AA35 /* Base */ = {isa = PBXFileReference; lastKnownFileType = file.storyboard; name = Base; path = Base.lproj/LaunchScreen.storyboard; sourceTree = "<group>"; };
		4523145D2361BA360075AA35 /* Info.plist */ = {isa = PBXFileReference; lastKnownFileType = text.plist.xml; path = Info.plist; sourceTree = "<group>"; };
		452314642361BC3D0075AA35 /* Notice.swift */ = {isa = PBXFileReference; lastKnownFileType = sourcecode.swift; path = Notice.swift; sourceTree = "<group>"; };
		452314662361BC480075AA35 /* Event.swift */ = {isa = PBXFileReference; lastKnownFileType = sourcecode.swift; path = Event.swift; sourceTree = "<group>"; };
		452314682361BC4F0075AA35 /* Move.swift */ = {isa = PBXFileReference; lastKnownFileType = sourcecode.swift; path = Move.swift; sourceTree = "<group>"; };
		4523146F2361BD770075AA35 /* FakeGenerator.swift */ = {isa = PBXFileReference; lastKnownFileType = sourcecode.swift; path = FakeGenerator.swift; sourceTree = "<group>"; };
		452314712361BDBB0075AA35 /* BaseCellModel.swift */ = {isa = PBXFileReference; lastKnownFileType = sourcecode.swift; path = BaseCellModel.swift; sourceTree = "<group>"; };
		452314732361BF3E0075AA35 /* CellGenerator.swift */ = {isa = PBXFileReference; lastKnownFileType = sourcecode.swift; path = CellGenerator.swift; sourceTree = "<group>"; };
		452314762361C6430075AA35 /* FakeNetworkLayerOrService.swift */ = {isa = PBXFileReference; lastKnownFileType = sourcecode.swift; path = FakeNetworkLayerOrService.swift; sourceTree = "<group>"; };
		455D014A2361D02200DEE32D /* TableView+Ex.swift */ = {isa = PBXFileReference; lastKnownFileType = sourcecode.swift; path = "TableView+Ex.swift"; sourceTree = "<group>"; };
		459F88E6236996D40042F806 /* ModelManager.swift */ = {isa = PBXFileReference; lastKnownFileType = sourcecode.swift; path = ModelManager.swift; sourceTree = "<group>"; };
		459F88E8236998DB0042F806 /* CellManager.swift */ = {isa = PBXFileReference; lastKnownFileType = sourcecode.swift; path = CellManager.swift; sourceTree = "<group>"; };
		45D007282372B8E500499BF1 /* TableManager.swift */ = {isa = PBXFileReference; lastKnownFileType = sourcecode.swift; path = TableManager.swift; sourceTree = "<group>"; };
		45ED045A2361C983006BC78C /* MasterViewDataController.swift */ = {isa = PBXFileReference; lastKnownFileType = sourcecode.swift; path = MasterViewDataController.swift; sourceTree = "<group>"; };
/* End PBXFileReference section */

/* Begin PBXFrameworksBuildPhase section */
		452314472361BA360075AA35 /* Frameworks */ = {
			isa = PBXFrameworksBuildPhase;
			buildActionMask = 2147483647;
			files = (
			);
			runOnlyForDeploymentPostprocessing = 0;
		};
/* End PBXFrameworksBuildPhase section */

/* Begin PBXGroup section */
		4513B4FF2361E7BC00D4DA5B /* Service */ = {
			isa = PBXGroup;
			children = (
				452314752361C62C0075AA35 /* FakeNetworkLayerOrService */,
			);
			path = Service;
			sourceTree = "<group>";
		};
		4513B5192362175400D4DA5B /* Cell */ = {
			isa = PBXGroup;
			children = (
				451BC0D123699EF000B86E0A /* NoticeTableViewCell.swift */,
				451BC0D223699EF000B86E0A /* NoticeTableViewCell.xib */,
				451BC0D523699F0100B86E0A /* EventTableViewCell.swift */,
				451BC0D623699F0100B86E0A /* EventTableViewCell.xib */,
				451BC0D923699F0D00B86E0A /* MoveTableViewCell.swift */,
				451BC0DA23699F0D00B86E0A /* MoveTableViewCell.xib */,
				451BC0DD23699F2600B86E0A /* BaseTableViewCell.swift */,
			);
			path = Cell;
			sourceTree = "<group>";
		};
		452314412361BA360075AA35 = {
			isa = PBXGroup;
			children = (
				4523144C2361BA360075AA35 /* MasterDetailView */,
				4523144B2361BA360075AA35 /* Products */,
			);
			sourceTree = "<group>";
		};
		4523144B2361BA360075AA35 /* Products */ = {
			isa = PBXGroup;
			children = (
				4523144A2361BA360075AA35 /* MasterDetailView.app */,
			);
			name = Products;
			sourceTree = "<group>";
		};
		4523144C2361BA360075AA35 /* MasterDetailView */ = {
			isa = PBXGroup;
			children = (
				4523146D2361BD600075AA35 /* FakeGenerator */,
				4513B4FF2361E7BC00D4DA5B /* Service */,
				455D01492361CFB800DEE32D /* Helpers */,
				45ED04582361C965006BC78C /* DetailViewController */,
				45ED04572361C94D006BC78C /* MasterViewController */,
				452314632361BC2A0075AA35 /* Models */,
				4523144D2361BA360075AA35 /* AppDelegate.swift */,
				4523144F2361BA360075AA35 /* SceneDelegate.swift */,
				452314552361BA360075AA35 /* Main.storyboard */,
				452314582361BA360075AA35 /* Assets.xcassets */,
				4523145A2361BA360075AA35 /* LaunchScreen.storyboard */,
				4523145D2361BA360075AA35 /* Info.plist */,
			);
			path = MasterDetailView;
			sourceTree = "<group>";
		};
		452314632361BC2A0075AA35 /* Models */ = {
			isa = PBXGroup;
			children = (
				452314642361BC3D0075AA35 /* Notice.swift */,
				452314662361BC480075AA35 /* Event.swift */,
				452314682361BC4F0075AA35 /* Move.swift */,
				451BC0DF2369AC0800B86E0A /* NewCellClass.swift */,
				452314712361BDBB0075AA35 /* BaseCellModel.swift */,
			);
			path = Models;
			sourceTree = "<group>";
		};
		4523146D2361BD600075AA35 /* FakeGenerator */ = {
			isa = PBXGroup;
			children = (
				4523146F2361BD770075AA35 /* FakeGenerator.swift */,
				452314732361BF3E0075AA35 /* CellGenerator.swift */,
			);
			path = FakeGenerator;
			sourceTree = "<group>";
		};
		452314752361C62C0075AA35 /* FakeNetworkLayerOrService */ = {
			isa = PBXGroup;
			children = (
				452314762361C6430075AA35 /* FakeNetworkLayerOrService.swift */,
			);
			path = FakeNetworkLayerOrService;
			sourceTree = "<group>";
		};
		455D01492361CFB800DEE32D /* Helpers */ = {
			isa = PBXGroup;
			children = (
				455D014A2361D02200DEE32D /* TableView+Ex.swift */,
				4513B5072361EEDE00D4DA5B /* Date+Ex.swift */,
				4513B51F23621E8900D4DA5B /* UIStackView+Ex.swift */,
				451BC0E12369BB3000B86E0A /* String+Ex.swift */,
			);
			path = Helpers;
			sourceTree = "<group>";
		};
		45ED04572361C94D006BC78C /* MasterViewController */ = {
			isa = PBXGroup;
			children = (
				4513B5192362175400D4DA5B /* Cell */,
				45ED04592361C96D006BC78C /* Logic */,
				452314512361BA360075AA35 /* MasterViewController.swift */,
			);
			path = MasterViewController;
			sourceTree = "<group>";
		};
		45ED04582361C965006BC78C /* DetailViewController */ = {
			isa = PBXGroup;
			children = (
				452314532361BA360075AA35 /* DetailViewController.swift */,
			);
			path = DetailViewController;
			sourceTree = "<group>";
		};
		45ED04592361C96D006BC78C /* Logic */ = {
			isa = PBXGroup;
			children = (
				45ED045A2361C983006BC78C /* MasterViewDataController.swift */,
				459F88E6236996D40042F806 /* ModelManager.swift */,
				459F88E8236998DB0042F806 /* CellManager.swift */,
				45D007282372B8E500499BF1 /* TableManager.swift */,
			);
			path = Logic;
			sourceTree = "<group>";
		};
/* End PBXGroup section */

/* Begin PBXNativeTarget section */
		452314492361BA360075AA35 /* MasterDetailView */ = {
			isa = PBXNativeTarget;
			buildConfigurationList = 452314602361BA360075AA35 /* Build configuration list for PBXNativeTarget "MasterDetailView" */;
			buildPhases = (
				452314462361BA360075AA35 /* Sources */,
				452314472361BA360075AA35 /* Frameworks */,
				452314482361BA360075AA35 /* Resources */,
			);
			buildRules = (
			);
			dependencies = (
			);
			name = MasterDetailView;
			productName = MasterDetailView;
			productReference = 4523144A2361BA360075AA35 /* MasterDetailView.app */;
			productType = "com.apple.product-type.application";
		};
/* End PBXNativeTarget section */

/* Begin PBXProject section */
		452314422361BA360075AA35 /* Project object */ = {
			isa = PBXProject;
			attributes = {
				LastSwiftUpdateCheck = 1100;
				LastUpgradeCheck = 1100;
				ORGANIZATIONNAME = "Vlad Gushchin";
				TargetAttributes = {
					452314492361BA360075AA35 = {
						CreatedOnToolsVersion = 11.0;
					};
				};
			};
			buildConfigurationList = 452314452361BA360075AA35 /* Build configuration list for PBXProject "MasterDetailView" */;
			compatibilityVersion = "Xcode 9.3";
			developmentRegion = en;
			hasScannedForEncodings = 0;
			knownRegions = (
				en,
				Base,
			);
			mainGroup = 452314412361BA360075AA35;
			productRefGroup = 4523144B2361BA360075AA35 /* Products */;
			projectDirPath = "";
			projectRoot = "";
			targets = (
				452314492361BA360075AA35 /* MasterDetailView */,
			);
		};
/* End PBXProject section */

/* Begin PBXResourcesBuildPhase section */
		452314482361BA360075AA35 /* Resources */ = {
			isa = PBXResourcesBuildPhase;
			buildActionMask = 2147483647;
			files = (
				451BC0DC23699F0D00B86E0A /* MoveTableViewCell.xib in Resources */,
				451BC0D823699F0100B86E0A /* EventTableViewCell.xib in Resources */,
				4523145C2361BA360075AA35 /* LaunchScreen.storyboard in Resources */,
				451BC0D423699EF000B86E0A /* NoticeTableViewCell.xib in Resources */,
				452314592361BA360075AA35 /* Assets.xcassets in Resources */,
				452314572361BA360075AA35 /* Main.storyboard in Resources */,
			);
			runOnlyForDeploymentPostprocessing = 0;
		};
/* End PBXResourcesBuildPhase section */

/* Begin PBXSourcesBuildPhase section */
		452314462361BA360075AA35 /* Sources */ = {
			isa = PBXSourcesBuildPhase;
			buildActionMask = 2147483647;
			files = (
				451BC0DB23699F0D00B86E0A /* MoveTableViewCell.swift in Sources */,
				452314692361BC4F0075AA35 /* Move.swift in Sources */,
				452314772361C6430075AA35 /* FakeNetworkLayerOrService.swift in Sources */,
				4513B5082361EEDE00D4DA5B /* Date+Ex.swift in Sources */,
				452314652361BC3D0075AA35 /* Notice.swift in Sources */,
				452314722361BDBB0075AA35 /* BaseCellModel.swift in Sources */,
				452314702361BD770075AA35 /* FakeGenerator.swift in Sources */,
				4523144E2361BA360075AA35 /* AppDelegate.swift in Sources */,
				451BC0E22369BB3000B86E0A /* String+Ex.swift in Sources */,
				45D007292372B8E500499BF1 /* TableManager.swift in Sources */,
				452314502361BA360075AA35 /* SceneDelegate.swift in Sources */,
				451BC0E02369AC0800B86E0A /* NewCellClass.swift in Sources */,
				452314742361BF3E0075AA35 /* CellGenerator.swift in Sources */,
				452314522361BA360075AA35 /* MasterViewController.swift in Sources */,
				4513B52023621E8900D4DA5B /* UIStackView+Ex.swift in Sources */,
				451BC0D323699EF000B86E0A /* NoticeTableViewCell.swift in Sources */,
				452314672361BC480075AA35 /* Event.swift in Sources */,
				452314542361BA360075AA35 /* DetailViewController.swift in Sources */,
				451BC0DE23699F2600B86E0A /* BaseTableViewCell.swift in Sources */,
				459F88E7236996D40042F806 /* ModelManager.swift in Sources */,
				455D014B2361D02200DEE32D /* TableView+Ex.swift in Sources */,
				451BC0D723699F0100B86E0A /* EventTableViewCell.swift in Sources */,
				459F88E9236998DB0042F806 /* CellManager.swift in Sources */,
				45ED045B2361C983006BC78C /* MasterViewDataController.swift in Sources */,
			);
			runOnlyForDeploymentPostprocessing = 0;
		};
/* End PBXSourcesBuildPhase section */

/* Begin PBXVariantGroup section */
		452314552361BA360075AA35 /* Main.storyboard */ = {
			isa = PBXVariantGroup;
			children = (
				452314562361BA360075AA35 /* Base */,
			);
			name = Main.storyboard;
			sourceTree = "<group>";
		};
		4523145A2361BA360075AA35 /* LaunchScreen.storyboard */ = {
			isa = PBXVariantGroup;
			children = (
				4523145B2361BA360075AA35 /* Base */,
			);
			name = LaunchScreen.storyboard;
			sourceTree = "<group>";
		};
/* End PBXVariantGroup section */

/* Begin XCBuildConfiguration section */
		4523145E2361BA360075AA35 /* Debug */ = {
			isa = XCBuildConfiguration;
			buildSettings = {
				ALWAYS_SEARCH_USER_PATHS = NO;
				CLANG_ANALYZER_NONNULL = YES;
				CLANG_ANALYZER_NUMBER_OBJECT_CONVERSION = YES_AGGRESSIVE;
				CLANG_CXX_LANGUAGE_STANDARD = "gnu++14";
				CLANG_CXX_LIBRARY = "libc++";
				CLANG_ENABLE_MODULES = YES;
				CLANG_ENABLE_OBJC_ARC = YES;
				CLANG_ENABLE_OBJC_WEAK = YES;
				CLANG_WARN_BLOCK_CAPTURE_AUTORELEASING = YES;
				CLANG_WARN_BOOL_CONVERSION = YES;
				CLANG_WARN_COMMA = YES;
				CLANG_WARN_CONSTANT_CONVERSION = YES;
				CLANG_WARN_DEPRECATED_OBJC_IMPLEMENTATIONS = YES;
				CLANG_WARN_DIRECT_OBJC_ISA_USAGE = YES_ERROR;
				CLANG_WARN_DOCUMENTATION_COMMENTS = YES;
				CLANG_WARN_EMPTY_BODY = YES;
				CLANG_WARN_ENUM_CONVERSION = YES;
				CLANG_WARN_INFINITE_RECURSION = YES;
				CLANG_WARN_INT_CONVERSION = YES;
				CLANG_WARN_NON_LITERAL_NULL_CONVERSION = YES;
				CLANG_WARN_OBJC_IMPLICIT_RETAIN_SELF = YES;
				CLANG_WARN_OBJC_LITERAL_CONVERSION = YES;
				CLANG_WARN_OBJC_ROOT_CLASS = YES_ERROR;
				CLANG_WARN_RANGE_LOOP_ANALYSIS = YES;
				CLANG_WARN_STRICT_PROTOTYPES = YES;
				CLANG_WARN_SUSPICIOUS_MOVE = YES;
				CLANG_WARN_UNGUARDED_AVAILABILITY = YES_AGGRESSIVE;
				CLANG_WARN_UNREACHABLE_CODE = YES;
				CLANG_WARN__DUPLICATE_METHOD_MATCH = YES;
				COPY_PHASE_STRIP = NO;
				DEBUG_INFORMATION_FORMAT = dwarf;
				ENABLE_STRICT_OBJC_MSGSEND = YES;
				ENABLE_TESTABILITY = YES;
				GCC_C_LANGUAGE_STANDARD = gnu11;
				GCC_DYNAMIC_NO_PIC = NO;
				GCC_NO_COMMON_BLOCKS = YES;
				GCC_OPTIMIZATION_LEVEL = 0;
				GCC_PREPROCESSOR_DEFINITIONS = (
					"DEBUG=1",
					"$(inherited)",
				);
				GCC_WARN_64_TO_32_BIT_CONVERSION = YES;
				GCC_WARN_ABOUT_RETURN_TYPE = YES_ERROR;
				GCC_WARN_UNDECLARED_SELECTOR = YES;
				GCC_WARN_UNINITIALIZED_AUTOS = YES_AGGRESSIVE;
				GCC_WARN_UNUSED_FUNCTION = YES;
				GCC_WARN_UNUSED_VARIABLE = YES;
				IPHONEOS_DEPLOYMENT_TARGET = 13.0;
				MTL_ENABLE_DEBUG_INFO = INCLUDE_SOURCE;
				MTL_FAST_MATH = YES;
				ONLY_ACTIVE_ARCH = YES;
				SDKROOT = iphoneos;
				SWIFT_ACTIVE_COMPILATION_CONDITIONS = DEBUG;
				SWIFT_OPTIMIZATION_LEVEL = "-Onone";
			};
			name = Debug;
		};
		4523145F2361BA360075AA35 /* Release */ = {
			isa = XCBuildConfiguration;
			buildSettings = {
				ALWAYS_SEARCH_USER_PATHS = NO;
				CLANG_ANALYZER_NONNULL = YES;
				CLANG_ANALYZER_NUMBER_OBJECT_CONVERSION = YES_AGGRESSIVE;
				CLANG_CXX_LANGUAGE_STANDARD = "gnu++14";
				CLANG_CXX_LIBRARY = "libc++";
				CLANG_ENABLE_MODULES = YES;
				CLANG_ENABLE_OBJC_ARC = YES;
				CLANG_ENABLE_OBJC_WEAK = YES;
				CLANG_WARN_BLOCK_CAPTURE_AUTORELEASING = YES;
				CLANG_WARN_BOOL_CONVERSION = YES;
				CLANG_WARN_COMMA = YES;
				CLANG_WARN_CONSTANT_CONVERSION = YES;
				CLANG_WARN_DEPRECATED_OBJC_IMPLEMENTATIONS = YES;
				CLANG_WARN_DIRECT_OBJC_ISA_USAGE = YES_ERROR;
				CLANG_WARN_DOCUMENTATION_COMMENTS = YES;
				CLANG_WARN_EMPTY_BODY = YES;
				CLANG_WARN_ENUM_CONVERSION = YES;
				CLANG_WARN_INFINITE_RECURSION = YES;
				CLANG_WARN_INT_CONVERSION = YES;
				CLANG_WARN_NON_LITERAL_NULL_CONVERSION = YES;
				CLANG_WARN_OBJC_IMPLICIT_RETAIN_SELF = YES;
				CLANG_WARN_OBJC_LITERAL_CONVERSION = YES;
				CLANG_WARN_OBJC_ROOT_CLASS = YES_ERROR;
				CLANG_WARN_RANGE_LOOP_ANALYSIS = YES;
				CLANG_WARN_STRICT_PROTOTYPES = YES;
				CLANG_WARN_SUSPICIOUS_MOVE = YES;
				CLANG_WARN_UNGUARDED_AVAILABILITY = YES_AGGRESSIVE;
				CLANG_WARN_UNREACHABLE_CODE = YES;
				CLANG_WARN__DUPLICATE_METHOD_MATCH = YES;
				COPY_PHASE_STRIP = NO;
				DEBUG_INFORMATION_FORMAT = "dwarf-with-dsym";
				ENABLE_NS_ASSERTIONS = NO;
				ENABLE_STRICT_OBJC_MSGSEND = YES;
				GCC_C_LANGUAGE_STANDARD = gnu11;
				GCC_NO_COMMON_BLOCKS = YES;
				GCC_WARN_64_TO_32_BIT_CONVERSION = YES;
				GCC_WARN_ABOUT_RETURN_TYPE = YES_ERROR;
				GCC_WARN_UNDECLARED_SELECTOR = YES;
				GCC_WARN_UNINITIALIZED_AUTOS = YES_AGGRESSIVE;
				GCC_WARN_UNUSED_FUNCTION = YES;
				GCC_WARN_UNUSED_VARIABLE = YES;
				IPHONEOS_DEPLOYMENT_TARGET = 13.0;
				MTL_ENABLE_DEBUG_INFO = NO;
				MTL_FAST_MATH = YES;
				SDKROOT = iphoneos;
				SWIFT_COMPILATION_MODE = wholemodule;
				SWIFT_OPTIMIZATION_LEVEL = "-O";
				VALIDATE_PRODUCT = YES;
			};
			name = Release;
		};
		452314612361BA360075AA35 /* Debug */ = {
			isa = XCBuildConfiguration;
			buildSettings = {
				ASSETCATALOG_COMPILER_APPICON_NAME = AppIcon;
				CODE_SIGN_STYLE = Automatic;
				DEVELOPMENT_TEAM = ED5577XBKG;
				INFOPLIST_FILE = MasterDetailView/Info.plist;
				LD_RUNPATH_SEARCH_PATHS = (
					"$(inherited)",
					"@executable_path/Frameworks",
				);
				PRODUCT_BUNDLE_IDENTIFIER = vdev.apple.com.MasterDetailView;
				PRODUCT_NAME = "$(TARGET_NAME)";
				SWIFT_VERSION = 5.0;
				TARGETED_DEVICE_FAMILY = "1,2";
			};
			name = Debug;
		};
		452314622361BA360075AA35 /* Release */ = {
			isa = XCBuildConfiguration;
			buildSettings = {
				ASSETCATALOG_COMPILER_APPICON_NAME = AppIcon;
				CODE_SIGN_STYLE = Automatic;
				DEVELOPMENT_TEAM = ED5577XBKG;
				INFOPLIST_FILE = MasterDetailView/Info.plist;
				LD_RUNPATH_SEARCH_PATHS = (
					"$(inherited)",
					"@executable_path/Frameworks",
				);
				PRODUCT_BUNDLE_IDENTIFIER = vdev.apple.com.MasterDetailView;
				PRODUCT_NAME = "$(TARGET_NAME)";
				SWIFT_VERSION = 5.0;
				TARGETED_DEVICE_FAMILY = "1,2";
			};
			name = Release;
		};
/* End XCBuildConfiguration section */

/* Begin XCConfigurationList section */
		452314452361BA360075AA35 /* Build configuration list for PBXProject "MasterDetailView" */ = {
			isa = XCConfigurationList;
			buildConfigurations = (
				4523145E2361BA360075AA35 /* Debug */,
				4523145F2361BA360075AA35 /* Release */,
			);
			defaultConfigurationIsVisible = 0;
			defaultConfigurationName = Release;
		};
		452314602361BA360075AA35 /* Build configuration list for PBXNativeTarget "MasterDetailView" */ = {
			isa = XCConfigurationList;
			buildConfigurations = (
				452314612361BA360075AA35 /* Debug */,
				452314622361BA360075AA35 /* Release */,
			);
			defaultConfigurationIsVisible = 0;
			defaultConfigurationName = Release;
		};
/* End XCConfigurationList section */
	};
	rootObject = 452314422361BA360075AA35 /* Project object */;
}
